
Microsoft Visual Studio Solution File, Format Version 12.00
# Visual Studio Version 17
VisualStudioVersion = 17.10.35027.167
MinimumVisualStudioVersion = 10.0.40219.1
Project("{9A19103F-16F7-4668-BE54-9A1E7A4F7556}") = "Pizzeria", "Pizzeria\Pizzeria.csproj", "{FE497A43-3601-432C-BE50-3C141F97ABF6}"
EndProject
Project("{9A19103F-16F7-4668-BE54-9A1E7A4F7556}") = "ModelDto", "ModelDto\ModelDto.csproj", "{7DB5DB8F-2B9F-4D1D-AA5D-21108A3028AE}"
EndProject
Project("{FAE04EC0-301F-11D3-BF4B-00C04F79EFBC}") = "ModelViews", "ModelViews\ModelViews.csproj", "{1E41E09D-FB1F-4AB4-817C-801C227C8E49}"
EndProject
Global
	GlobalSection(SolutionConfigurationPlatforms) = preSolution
		Debug|Any CPU = Debug|Any CPU
		Release|Any CPU = Release|Any CPU
	EndGlobalSection
	GlobalSection(ProjectConfigurationPlatforms) = postSolution
		{FE497A43-3601-432C-BE50-3C141F97ABF6}.Debug|Any CPU.ActiveCfg = Debug|Any CPU
		{FE497A43-3601-432C-BE50-3C141F97ABF6}.Debug|Any CPU.Build.0 = Debug|Any CPU
		{FE497A43-3601-432C-BE50-3C141F97ABF6}.Release|Any CPU.ActiveCfg = Release|Any CPU
		{FE497A43-3601-432C-BE50-3C141F97ABF6}.Release|Any CPU.Build.0 = Release|Any CPU
		{7DB5DB8F-2B9F-4D1D-AA5D-21108A3028AE}.Debug|Any CPU.ActiveCfg = Debug|Any CPU
		{7DB5DB8F-2B9F-4D1D-AA5D-21108A3028AE}.Debug|Any CPU.Build.0 = Debug|Any CPU
		{7DB5DB8F-2B9F-4D1D-AA5D-21108A3028AE}.Release|Any CPU.ActiveCfg = Release|Any CPU
		{7DB5DB8F-2B9F-4D1D-AA5D-21108A3028AE}.Release|Any CPU.Build.0 = Release|Any CPU
		{1E41E09D-FB1F-4AB4-817C-801C227C8E49}.Debug|Any CPU.ActiveCfg = Debug|Any CPU
		{1E41E09D-FB1F-4AB4-817C-801C227C8E49}.Debug|Any CPU.Build.0 = Debug|Any CPU
		{1E41E09D-FB1F-4AB4-817C-801C227C8E49}.Release|Any CPU.ActiveCfg = Release|Any CPU
		{1E41E09D-FB1F-4AB4-817C-801C227C8E49}.Release|Any CPU.Build.0 = Release|Any CPU
	EndGlobalSection
	GlobalSection(SolutionProperties) = preSolution
		HideSolutionNode = FALSE
	EndGlobalSection
	GlobalSection(ExtensibilityGlobals) = postSolution
		SolutionGuid = {FCD16425-2E09-40C7-8397-7BEDD6340727}
	EndGlobalSection
EndGlobal
